// !$*UTF8*$!
{
	archiveVersion = 1;
	classes = {
	};
	objectVersion = 50;
	objects = {

/* Begin PBXBuildFile section */
		DF29AE82231A59D300475C28 /* AppDelegate.swift in Sources */ = {isa = PBXBuildFile; fileRef = DF29AE81231A59D300475C28 /* AppDelegate.swift */; };
		DF29AE84231A59D300475C28 /* ViewController.swift in Sources */ = {isa = PBXBuildFile; fileRef = DF29AE83231A59D300475C28 /* ViewController.swift */; };
		DF29AE87231A59D300475C28 /* Main.storyboard in Resources */ = {isa = PBXBuildFile; fileRef = DF29AE85231A59D300475C28 /* Main.storyboard */; };
		DF29AE89231A59D500475C28 /* Assets.xcassets in Resources */ = {isa = PBXBuildFile; fileRef = DF29AE88231A59D500475C28 /* Assets.xcassets */; };
		DF29AE8C231A59D500475C28 /* LaunchScreen.storyboard in Resources */ = {isa = PBXBuildFile; fileRef = DF29AE8A231A59D500475C28 /* LaunchScreen.storyboard */; };
		DF29AE97231A59D500475C28 /* BRN_ProjectTests.swift in Sources */ = {isa = PBXBuildFile; fileRef = DF29AE96231A59D500475C28 /* BRN_ProjectTests.swift */; };
		DF29AEA2231A59D500475C28 /* BRN_ProjectUITests.swift in Sources */ = {isa = PBXBuildFile; fileRef = DF29AEA1231A59D500475C28 /* BRN_ProjectUITests.swift */; };
/* End PBXBuildFile section */

/* Begin PBXContainerItemProxy section */
		DF29AE93231A59D500475C28 /* PBXContainerItemProxy */ = {
			isa = PBXContainerItemProxy;
			containerPortal = DF29AE76231A59D300475C28 /* Project object */;
			proxyType = 1;
			remoteGlobalIDString = DF29AE7D231A59D300475C28;
			remoteInfo = "BRN Project";
		};
		DF29AE9E231A59D500475C28 /* PBXContainerItemProxy */ = {
			isa = PBXContainerItemProxy;
			containerPortal = DF29AE76231A59D300475C28 /* Project object */;
			proxyType = 1;
			remoteGlobalIDString = DF29AE7D231A59D300475C28;
			remoteInfo = "BRN Project";
		};
/* End PBXContainerItemProxy section */

/* Begin PBXFileReference section */
		DF29AE7E231A59D300475C28 /* BRN Project.app */ = {isa = PBXFileReference; explicitFileType = wrapper.application; includeInIndex = 0; path = "BRN Project.app"; sourceTree = BUILT_PRODUCTS_DIR; };
		DF29AE81231A59D300475C28 /* AppDelegate.swift */ = {isa = PBXFileReference; lastKnownFileType = sourcecode.swift; path = AppDelegate.swift; sourceTree = "<group>"; };
		DF29AE83231A59D300475C28 /* ViewController.swift */ = {isa = PBXFileReference; lastKnownFileType = sourcecode.swift; path = ViewController.swift; sourceTree = "<group>"; };
		DF29AE86231A59D300475C28 /* Base */ = {isa = PBXFileReference; lastKnownFileType = file.storyboard; name = Base; path = Base.lproj/Main.storyboard; sourceTree = "<group>"; };
		DF29AE88231A59D500475C28 /* Assets.xcassets */ = {isa = PBXFileReference; lastKnownFileType = folder.assetcatalog; path = Assets.xcassets; sourceTree = "<group>"; };
		DF29AE8B231A59D500475C28 /* Base */ = {isa = PBXFileReference; lastKnownFileType = file.storyboard; name = Base; path = Base.lproj/LaunchScreen.storyboard; sourceTree = "<group>"; };
		DF29AE8D231A59D500475C28 /* Info.plist */ = {isa = PBXFileReference; lastKnownFileType = text.plist.xml; path = Info.plist; sourceTree = "<group>"; };
		DF29AE92231A59D500475C28 /* BRN ProjectTests.xctest */ = {isa = PBXFileReference; explicitFileType = wrapper.cfbundle; includeInIndex = 0; path = "BRN ProjectTests.xctest"; sourceTree = BUILT_PRODUCTS_DIR; };
		DF29AE96231A59D500475C28 /* BRN_ProjectTests.swift */ = {isa = PBXFileReference; lastKnownFileType = sourcecode.swift; path = BRN_ProjectTests.swift; sourceTree = "<group>"; };
		DF29AE98231A59D500475C28 /* Info.plist */ = {isa = PBXFileReference; lastKnownFileType = text.plist.xml; path = Info.plist; sourceTree = "<group>"; };
		DF29AE9D231A59D500475C28 /* BRN ProjectUITests.xctest */ = {isa = PBXFileReference; explicitFileType = wrapper.cfbundle; includeInIndex = 0; path = "BRN ProjectUITests.xctest"; sourceTree = BUILT_PRODUCTS_DIR; };
		DF29AEA1231A59D500475C28 /* BRN_ProjectUITests.swift */ = {isa = PBXFileReference; lastKnownFileType = sourcecode.swift; path = BRN_ProjectUITests.swift; sourceTree = "<group>"; };
		DF29AEA3231A59D500475C28 /* Info.plist */ = {isa = PBXFileReference; lastKnownFileType = text.plist.xml; path = Info.plist; sourceTree = "<group>"; };
/* End PBXFileReference section */

/* Begin PBXFrameworksBuildPhase section */
		DF29AE7B231A59D300475C28 /* Frameworks */ = {
			isa = PBXFrameworksBuildPhase;
			buildActionMask = 2147483647;
			files = (
			);
			runOnlyForDeploymentPostprocessing = 0;
		};
		DF29AE8F231A59D500475C28 /* Frameworks */ = {
			isa = PBXFrameworksBuildPhase;
			buildActionMask = 2147483647;
			files = (
			);
			runOnlyForDeploymentPostprocessing = 0;
		};
		DF29AE9A231A59D500475C28 /* Frameworks */ = {
			isa = PBXFrameworksBuildPhase;
			buildActionMask = 2147483647;
			files = (
			);
			runOnlyForDeploymentPostprocessing = 0;
		};
/* End PBXFrameworksBuildPhase section */

/* Begin PBXGroup section */
		DF29AE75231A59D300475C28 = {
			isa = PBXGroup;
			children = (
				DF29AE80231A59D300475C28 /* BRN Project */,
				DF29AE95231A59D500475C28 /* BRN ProjectTests */,
				DF29AEA0231A59D500475C28 /* BRN ProjectUITests */,
				DF29AE7F231A59D300475C28 /* Products */,
			);
			sourceTree = "<group>";
		};
		DF29AE7F231A59D300475C28 /* Products */ = {
			isa = PBXGroup;
			children = (
				DF29AE7E231A59D300475C28 /* BRN Project.app */,
				DF29AE92231A59D500475C28 /* BRN ProjectTests.xctest */,
				DF29AE9D231A59D500475C28 /* BRN ProjectUITests.xctest */,
			);
			name = Products;
			sourceTree = "<group>";
		};
		DF29AE80231A59D300475C28 /* BRN Project */ = {
			isa = PBXGroup;
			children = (
				DF29AE81231A59D300475C28 /* AppDelegate.swift */,
				DF29AE83231A59D300475C28 /* ViewController.swift */,
				DF29AE85231A59D300475C28 /* Main.storyboard */,
				DF29AE88231A59D500475C28 /* Assets.xcassets */,
				DF29AE8A231A59D500475C28 /* LaunchScreen.storyboard */,
				DF29AE8D231A59D500475C28 /* Info.plist */,
			);
			path = "BRN Project";
			sourceTree = "<group>";
		};
		DF29AE95231A59D500475C28 /* BRN ProjectTests */ = {
			isa = PBXGroup;
			children = (
				DF29AE96231A59D500475C28 /* BRN_ProjectTests.swift */,
				DF29AE98231A59D500475C28 /* Info.plist */,
			);
			path = "BRN ProjectTests";
			sourceTree = "<group>";
		};
		DF29AEA0231A59D500475C28 /* BRN ProjectUITests */ = {
			isa = PBXGroup;
			children = (
				DF29AEA1231A59D500475C28 /* BRN_ProjectUITests.swift */,
				DF29AEA3231A59D500475C28 /* Info.plist */,
			);
			path = "BRN ProjectUITests";
			sourceTree = "<group>";
		};
/* End PBXGroup section */

/* Begin PBXNativeTarget section */
		DF29AE7D231A59D300475C28 /* BRN Project */ = {
			isa = PBXNativeTarget;
			buildConfigurationList = DF29AEA6231A59D500475C28 /* Build configuration list for PBXNativeTarget "BRN Project" */;
			buildPhases = (
				DF29AE7A231A59D300475C28 /* Sources */,
				DF29AE7B231A59D300475C28 /* Frameworks */,
				DF29AE7C231A59D300475C28 /* Resources */,
			);
			buildRules = (
			);
			dependencies = (
			);
			name = "BRN Project";
			productName = "BRN Project";
			productReference = DF29AE7E231A59D300475C28 /* BRN Project.app */;
			productType = "com.apple.product-type.application";
		};
		DF29AE91231A59D500475C28 /* BRN ProjectTests */ = {
			isa = PBXNativeTarget;
			buildConfigurationList = DF29AEA9231A59D500475C28 /* Build configuration list for PBXNativeTarget "BRN ProjectTests" */;
			buildPhases = (
				DF29AE8E231A59D500475C28 /* Sources */,
				DF29AE8F231A59D500475C28 /* Frameworks */,
				DF29AE90231A59D500475C28 /* Resources */,
			);
			buildRules = (
			);
			dependencies = (
				DF29AE94231A59D500475C28 /* PBXTargetDependency */,
			);
			name = "BRN ProjectTests";
			productName = "BRN ProjectTests";
			productReference = DF29AE92231A59D500475C28 /* BRN ProjectTests.xctest */;
			productType = "com.apple.product-type.bundle.unit-test";
		};
		DF29AE9C231A59D500475C28 /* BRN ProjectUITests */ = {
			isa = PBXNativeTarget;
			buildConfigurationList = DF29AEAC231A59D500475C28 /* Build configuration list for PBXNativeTarget "BRN ProjectUITests" */;
			buildPhases = (
				DF29AE99231A59D500475C28 /* Sources */,
				DF29AE9A231A59D500475C28 /* Frameworks */,
				DF29AE9B231A59D500475C28 /* Resources */,
			);
			buildRules = (
			);
			dependencies = (
				DF29AE9F231A59D500475C28 /* PBXTargetDependency */,
			);
			name = "BRN ProjectUITests";
			productName = "BRN ProjectUITests";
			productReference = DF29AE9D231A59D500475C28 /* BRN ProjectUITests.xctest */;
			productType = "com.apple.product-type.bundle.ui-testing";
		};
/* End PBXNativeTarget section */

/* Begin PBXProject section */
		DF29AE76231A59D300475C28 /* Project object */ = {
			isa = PBXProject;
			attributes = {
				LastSwiftUpdateCheck = 1010;
				LastUpgradeCheck = 1010;
				ORGANIZATIONNAME = "Pokala Pranathi";
				TargetAttributes = {
					DF29AE7D231A59D300475C28 = {
						CreatedOnToolsVersion = 10.1;
					};
					DF29AE91231A59D500475C28 = {
						CreatedOnToolsVersion = 10.1;
						TestTargetID = DF29AE7D231A59D300475C28;
					};
					DF29AE9C231A59D500475C28 = {
						CreatedOnToolsVersion = 10.1;
						TestTargetID = DF29AE7D231A59D300475C28;
					};
				};
			};
			buildConfigurationList = DF29AE79231A59D300475C28 /* Build configuration list for PBXProject "BRN Project" */;
			compatibilityVersion = "Xcode 9.3";
			developmentRegion = en;
			hasScannedForEncodings = 0;
			knownRegions = (
				en,
				Base,
			);
			mainGroup = DF29AE75231A59D300475C28;
			productRefGroup = DF29AE7F231A59D300475C28 /* Products */;
			projectDirPath = "";
			projectRoot = "";
			targets = (
				DF29AE7D231A59D300475C28 /* BRN Project */,
				DF29AE91231A59D500475C28 /* BRN ProjectTests */,
				DF29AE9C231A59D500475C28 /* BRN ProjectUITests */,
			);
		};
/* End PBXProject section */

/* Begin PBXResourcesBuildPhase section */
		DF29AE7C231A59D300475C28 /* Resources */ = {
			isa = PBXResourcesBuildPhase;
			buildActionMask = 2147483647;
			files = (
				DF29AE8C231A59D500475C28 /* LaunchScreen.storyboard in Resources */,
				DF29AE89231A59D500475C28 /* Assets.xcassets in Resources */,
				DF29AE87231A59D300475C28 /* Main.storyboard in Resources */,
			);
			runOnlyForDeploymentPostprocessing = 0;
		};
		DF29AE90231A59D500475C28 /* Resources */ = {
			isa = PBXResourcesBuildPhase;
			buildActionMask = 2147483647;
			files = (
			);
			runOnlyForDeploymentPostprocessing = 0;
		};
		DF29AE9B231A59D500475C28 /* Resources */ = {
			isa = PBXResourcesBuildPhase;
			buildActionMask = 2147483647;
			files = (
			);
			runOnlyForDeploymentPostprocessing = 0;
		};
/* End PBXResourcesBuildPhase section */

/* Begin PBXSourcesBuildPhase section */
		DF29AE7A231A59D300475C28 /* Sources */ = {
			isa = PBXSourcesBuildPhase;
			buildActionMask = 2147483647;
			files = (
				DF29AE84231A59D300475C28 /* ViewController.swift in Sources */,
				DF29AE82231A59D300475C28 /* AppDelegate.swift in Sources */,
			);
			runOnlyForDeploymentPostprocessing = 0;
		};
		DF29AE8E231A59D500475C28 /* Sources */ = {
			isa = PBXSourcesBuildPhase;
			buildActionMask = 2147483647;
			files = (
				DF29AE97231A59D500475C28 /* BRN_ProjectTests.swift in Sources */,
			);
			runOnlyForDeploymentPostprocessing = 0;
		};
		DF29AE99231A59D500475C28 /* Sources */ = {
			isa = PBXSourcesBuildPhase;
			buildActionMask = 2147483647;
			files = (
				DF29AEA2231A59D500475C28 /* BRN_ProjectUITests.swift in Sources */,
			);
			runOnlyForDeploymentPostprocessing = 0;
		};
/* End PBXSourcesBuildPhase section */

/* Begin PBXTargetDependency section */
		DF29AE94231A59D500475C28 /* PBXTargetDependency */ = {
			isa = PBXTargetDependency;
			target = DF29AE7D231A59D300475C28 /* BRN Project */;
			targetProxy = DF29AE93231A59D500475C28 /* PBXContainerItemProxy */;
		};
		DF29AE9F231A59D500475C28 /* PBXTargetDependency */ = {
			isa = PBXTargetDependency;
			target = DF29AE7D231A59D300475C28 /* BRN Project */;
			targetProxy = DF29AE9E231A59D500475C28 /* PBXContainerItemProxy */;
		};
/* End PBXTargetDependency section */

/* Begin PBXVariantGroup section */
		DF29AE85231A59D300475C28 /* Main.storyboard */ = {
			isa = PBXVariantGroup;
			children = (
				DF29AE86231A59D300475C28 /* Base */,
			);
			name = Main.storyboard;
			sourceTree = "<group>";
		};
		DF29AE8A231A59D500475C28 /* LaunchScreen.storyboard */ = {
			isa = PBXVariantGroup;
			children = (
				DF29AE8B231A59D500475C28 /* Base */,
			);
			name = LaunchScreen.storyboard;
			sourceTree = "<group>";
		};
/* End PBXVariantGroup section */

/* Begin XCBuildConfiguration section */
		DF29AEA4231A59D500475C28 /* Debug */ = {
			isa = XCBuildConfiguration;
			buildSettings = {
				ALWAYS_SEARCH_USER_PATHS = NO;
				CLANG_ANALYZER_NONNULL = YES;
				CLANG_ANALYZER_NUMBER_OBJECT_CONVERSION = YES_AGGRESSIVE;
				CLANG_CXX_LANGUAGE_STANDARD = "gnu++14";
				CLANG_CXX_LIBRARY = "libc++";
				CLANG_ENABLE_MODULES = YES;
				CLANG_ENABLE_OBJC_ARC = YES;
				CLANG_ENABLE_OBJC_WEAK = YES;
				CLANG_WARN_BLOCK_CAPTURE_AUTORELEASING = YES;
				CLANG_WARN_BOOL_CONVERSION = YES;
				CLANG_WARN_COMMA = YES;
				CLANG_WARN_CONSTANT_CONVERSION = YES;
				CLANG_WARN_DEPRECATED_OBJC_IMPLEMENTATIONS = YES;
				CLANG_WARN_DIRECT_OBJC_ISA_USAGE = YES_ERROR;
				CLANG_WARN_DOCUMENTATION_COMMENTS = YES;
				CLANG_WARN_EMPTY_BODY = YES;
				CLANG_WARN_ENUM_CONVERSION = YES;
				CLANG_WARN_INFINITE_RECURSION = YES;
				CLANG_WARN_INT_CONVERSION = YES;
				CLANG_WARN_NON_LITERAL_NULL_CONVERSION = YES;
				CLANG_WARN_OBJC_IMPLICIT_RETAIN_SELF = YES;
				CLANG_WARN_OBJC_LITERAL_CONVERSION = YES;
				CLANG_WARN_OBJC_ROOT_CLASS = YES_ERROR;
				CLANG_WARN_RANGE_LOOP_ANALYSIS = YES;
				CLANG_WARN_STRICT_PROTOTYPES = YES;
				CLANG_WARN_SUSPICIOUS_MOVE = YES;
				CLANG_WARN_UNGUARDED_AVAILABILITY = YES_AGGRESSIVE;
				CLANG_WARN_UNREACHABLE_CODE = YES;
				CLANG_WARN__DUPLICATE_METHOD_MATCH = YES;
				CODE_SIGN_IDENTITY = "iPhone Developer";
				COPY_PHASE_STRIP = NO;
				DEBUG_INFORMATION_FORMAT = dwarf;
				ENABLE_STRICT_OBJC_MSGSEND = YES;
				ENABLE_TESTABILITY = YES;
				GCC_C_LANGUAGE_STANDARD = gnu11;
				GCC_DYNAMIC_NO_PIC = NO;
				GCC_NO_COMMON_BLOCKS = YES;
				GCC_OPTIMIZATION_LEVEL = 0;
				GCC_PREPROCESSOR_DEFINITIONS = (
					"DEBUG=1",
					"$(inherited)",
				);
				GCC_WARN_64_TO_32_BIT_CONVERSION = YES;
				GCC_WARN_ABOUT_RETURN_TYPE = YES_ERROR;
				GCC_WARN_UNDECLARED_SELECTOR = YES;
				GCC_WARN_UNINITIALIZED_AUTOS = YES_AGGRESSIVE;
				GCC_WARN_UNUSED_FUNCTION = YES;
				GCC_WARN_UNUSED_VARIABLE = YES;
				IPHONEOS_DEPLOYMENT_TARGET = 12.1;
				MTL_ENABLE_DEBUG_INFO = INCLUDE_SOURCE;
				MTL_FAST_MATH = YES;
				ONLY_ACTIVE_ARCH = YES;
				SDKROOT = iphoneos;
				SWIFT_ACTIVE_COMPILATION_CONDITIONS = DEBUG;
				SWIFT_OPTIMIZATION_LEVEL = "-Onone";
			};
			name = Debug;
		};
		DF29AEA5231A59D500475C28 /* Release */ = {
			isa = XCBuildConfiguration;
			buildSettings = {
				ALWAYS_SEARCH_USER_PATHS = NO;
				CLANG_ANALYZER_NONNULL = YES;
				CLANG_ANALYZER_NUMBER_OBJECT_CONVERSION = YES_AGGRESSIVE;
				CLANG_CXX_LANGUAGE_STANDARD = "gnu++14";
				CLANG_CXX_LIBRARY = "libc++";
				CLANG_ENABLE_MODULES = YES;
				CLANG_ENABLE_OBJC_ARC = YES;
				CLANG_ENABLE_OBJC_WEAK = YES;
				CLANG_WARN_BLOCK_CAPTURE_AUTORELEASING = YES;
				CLANG_WARN_BOOL_CONVERSION = YES;
				CLANG_WARN_COMMA = YES;
				CLANG_WARN_CONSTANT_CONVERSION = YES;
				CLANG_WARN_DEPRECATED_OBJC_IMPLEMENTATIONS = YES;
				CLANG_WARN_DIRECT_OBJC_ISA_USAGE = YES_ERROR;
				CLANG_WARN_DOCUMENTATION_COMMENTS = YES;
				CLANG_WARN_EMPTY_BODY = YES;
				CLANG_WARN_ENUM_CONVERSION = YES;
				CLANG_WARN_INFINITE_RECURSION = YES;
				CLANG_WARN_INT_CONVERSION = YES;
				CLANG_WARN_NON_LITERAL_NULL_CONVERSION = YES;
				CLANG_WARN_OBJC_IMPLICIT_RETAIN_SELF = YES;
				CLANG_WARN_OBJC_LITERAL_CONVERSION = YES;
				CLANG_WARN_OBJC_ROOT_CLASS = YES_ERROR;
				CLANG_WARN_RANGE_LOOP_ANALYSIS = YES;
				CLANG_WARN_STRICT_PROTOTYPES = YES;
				CLANG_WARN_SUSPICIOUS_MOVE = YES;
				CLANG_WARN_UNGUARDED_AVAILABILITY = YES_AGGRESSIVE;
				CLANG_WARN_UNREACHABLE_CODE = YES;
				CLANG_WARN__DUPLICATE_METHOD_MATCH = YES;
				CODE_SIGN_IDENTITY = "iPhone Developer";
				COPY_PHASE_STRIP = NO;
				DEBUG_INFORMATION_FORMAT = "dwarf-with-dsym";
				ENABLE_NS_ASSERTIONS = NO;
				ENABLE_STRICT_OBJC_MSGSEND = YES;
				GCC_C_LANGUAGE_STANDARD = gnu11;
				GCC_NO_COMMON_BLOCKS = YES;
				GCC_WARN_64_TO_32_BIT_CONVERSION = YES;
				GCC_WARN_ABOUT_RETURN_TYPE = YES_ERROR;
				GCC_WARN_UNDECLARED_SELECTOR = YES;
				GCC_WARN_UNINITIALIZED_AUTOS = YES_AGGRESSIVE;
				GCC_WARN_UNUSED_FUNCTION = YES;
				GCC_WARN_UNUSED_VARIABLE = YES;
				IPHONEOS_DEPLOYMENT_TARGET = 12.1;
				MTL_ENABLE_DEBUG_INFO = NO;
				MTL_FAST_MATH = YES;
				SDKROOT = iphoneos;
				SWIFT_COMPILATION_MODE = wholemodule;
				SWIFT_OPTIMIZATION_LEVEL = "-O";
				VALIDATE_PRODUCT = YES;
			};
			name = Release;
		};
		DF29AEA7231A59D500475C28 /* Debug */ = {
			isa = XCBuildConfiguration;
			buildSettings = {
				ASSETCATALOG_COMPILER_APPICON_NAME = AppIcon;
				CODE_SIGN_STYLE = Automatic;
				INFOPLIST_FILE = "BRN Project/Info.plist";
				LD_RUNPATH_SEARCH_PATHS = (
					"$(inherited)",
					"@executable_path/Frameworks",
				);
				PRODUCT_BUNDLE_IDENTIFIER = "pranathi.BRN-Project";
				PRODUCT_NAME = "$(TARGET_NAME)";
				SWIFT_VERSION = 4.2;
				TARGETED_DEVICE_FAMILY = "1,2";
			};
			name = Debug;
		};
		DF29AEA8231A59D500475C28 /* Release */ = {
			isa = XCBuildConfiguration;
			buildSettings = {
				ASSETCATALOG_COMPILER_APPICON_NAME = AppIcon;
				CODE_SIGN_STYLE = Automatic;
				INFOPLIST_FILE = "BRN Project/Info.plist";
				LD_RUNPATH_SEARCH_PATHS = (
					"$(inherited)",
					"@executable_path/Frameworks",
				);
				PRODUCT_BUNDLE_IDENTIFIER = "pranathi.BRN-Project";
				PRODUCT_NAME = "$(TARGET_NAME)";
				SWIFT_VERSION = 4.2;
				TARGETED_DEVICE_FAMILY = "1,2";
			};
			name = Release;
		};
		DF29AEAA231A59D500475C28 /* Debug */ = {
			isa = XCBuildConfiguration;
			buildSettings = {
				ALWAYS_EMBED_SWIFT_STANDARD_LIBRARIES = YES;
				BUNDLE_LOADER = "$(TEST_HOST)";
				CODE_SIGN_STYLE = Automatic;
				INFOPLIST_FILE = "BRN ProjectTests/Info.plist";
				LD_RUNPATH_SEARCH_PATHS = (
					"$(inherited)",
					"@executable_path/Frameworks",
					"@loader_path/Frameworks",
				);
				PRODUCT_BUNDLE_IDENTIFIER = "pranathi.BRN-ProjectTests";
				PRODUCT_NAME = "$(TARGET_NAME)";
				SWIFT_VERSION = 4.2;
				TARGETED_DEVICE_FAMILY = "1,2";
				TEST_HOST = "$(BUILT_PRODUCTS_DIR)/BRN Project.app/BRN Project";
			};
			name = Debug;
		};
		DF29AEAB231A59D500475C28 /* Release */ = {
			isa = XCBuildConfiguration;
			buildSettings = {
				ALWAYS_EMBED_SWIFT_STANDARD_LIBRARIES = YES;
				BUNDLE_LOADER = "$(TEST_HOST)";
				CODE_SIGN_STYLE = Automatic;
				INFOPLIST_FILE = "BRN ProjectTests/Info.plist";
				LD_RUNPATH_SEARCH_PATHS = (
					"$(inherited)",
					"@executable_path/Frameworks",
					"@loader_path/Frameworks",
				);
				PRODUCT_BUNDLE_IDENTIFIER = "pranathi.BRN-ProjectTests";
				PRODUCT_NAME = "$(TARGET_NAME)";
				SWIFT_VERSION = 4.2;
				TARGETED_DEVICE_FAMILY = "1,2";
				TEST_HOST = "$(BUILT_PRODUCTS_DIR)/BRN Project.app/BRN Project";
			};
			name = Release;
		};
		DF29AEAD231A59D500475C28 /* Debug */ = {
			isa = XCBuildConfiguration;
			buildSettings = {
				ALWAYS_EMBED_SWIFT_STANDARD_LIBRARIES = YES;
				CODE_SIGN_STYLE = Automatic;
				INFOPLIST_FILE = "BRN ProjectUITests/Info.plist";
				LD_RUNPATH_SEARCH_PATHS = (
					"$(inherited)",
					"@executable_path/Frameworks",
					"@loader_path/Frameworks",
				);
				PRODUCT_BUNDLE_IDENTIFIER = "pranathi.BRN-ProjectUITests";
				PRODUCT_NAME = "$(TARGET_NAME)";
				SWIFT_VERSION = 4.2;
				TARGETED_DEVICE_FAMILY = "1,2";
				TEST_TARGET_NAME = "BRN Project";
			};
			name = Debug;
		};
		DF29AEAE231A59D500475C28 /* Release */ = {
			isa = XCBuildConfiguration;
			buildSettings = {
				ALWAYS_EMBED_SWIFT_STANDARD_LIBRARIES = YES;
				CODE_SIGN_STYLE = Automatic;
				INFOPLIST_FILE = "BRN ProjectUITests/Info.plist";
				LD_RUNPATH_SEARCH_PATHS = (
					"$(inherited)",
					"@executable_path/Frameworks",
					"@loader_path/Frameworks",
				);
				PRODUCT_BUNDLE_IDENTIFIER = "pranathi.BRN-ProjectUITests";
				PRODUCT_NAME = "$(TARGET_NAME)";
				SWIFT_VERSION = 4.2;
				TARGETED_DEVICE_FAMILY = "1,2";
				TEST_TARGET_NAME = "BRN Project";
			};
			name = Release;
		};
/* End XCBuildConfiguration section */

/* Begin XCConfigurationList section */
		DF29AE79231A59D300475C28 /* Build configuration list for PBXProject "BRN Project" */ = {
			isa = XCConfigurationList;
			buildConfigurations = (
				DF29AEA4231A59D500475C28 /* Debug */,
				DF29AEA5231A59D500475C28 /* Release */,
			);
			defaultConfigurationIsVisible = 0;
			defaultConfigurationName = Release;
		};
		DF29AEA6231A59D500475C28 /* Build configuration list for PBXNativeTarget "BRN Project" */ = {
			isa = XCConfigurationList;
			buildConfigurations = (
				DF29AEA7231A59D500475C28 /* Debug */,
				DF29AEA8231A59D500475C28 /* Release */,
			);
			defaultConfigurationIsVisible = 0;
			defaultConfigurationName = Release;
		};
		DF29AEA9231A59D500475C28 /* Build configuration list for PBXNativeTarget "BRN ProjectTests" */ = {
			isa = XCConfigurationList;
			buildConfigurations = (
				DF29AEAA231A59D500475C28 /* Debug */,
				DF29AEAB231A59D500475C28 /* Release */,
			);
			defaultConfigurationIsVisible = 0;
			defaultConfigurationName = Release;
		};
		DF29AEAC231A59D500475C28 /* Build configuration list for PBXNativeTarget "BRN ProjectUITests" */ = {
			isa = XCConfigurationList;
			buildConfigurations = (
				DF29AEAD231A59D500475C28 /* Debug */,
				DF29AEAE231A59D500475C28 /* Release */,
			);
			defaultConfigurationIsVisible = 0;
			defaultConfigurationName = Release;
		};
/* End XCConfigurationList section */
	};
	rootObject = DF29AE76231A59D300475C28 /* Project object */;
}
